
Microsoft Visual Studio Solution File, Format Version 12.00
# Visual Studio Version 17
VisualStudioVersion = 17.6.33815.320
MinimumVisualStudioVersion = 10.0.40219.1
Project("{FAE04EC0-301F-11D3-BF4B-00C04F79EFBC}") = "C# - Alura", "C# - Alura\C# - Alura.csproj", "{B4DBC1EB-0B99-4562-BC27-BD82F5A56E8B}"
EndProject
Global
	GlobalSection(SolutionConfigurationPlatforms) = preSolution
		Debug|Any CPU = Debug|Any CPU
		Release|Any CPU = Release|Any CPU
	EndGlobalSection
	GlobalSection(ProjectConfigurationPlatforms) = postSolution
		{B4DBC1EB-0B99-4562-BC27-BD82F5A56E8B}.Debug|Any CPU.ActiveCfg = Debug|Any CPU
		{B4DBC1EB-0B99-4562-BC27-BD82F5A56E8B}.Debug|Any CPU.Build.0 = Debug|Any CPU
		{B4DBC1EB-0B99-4562-BC27-BD82F5A56E8B}.Release|Any CPU.ActiveCfg = Release|Any CPU
		{B4DBC1EB-0B99-4562-BC27-BD82F5A56E8B}.Release|Any CPU.Build.0 = Release|Any CPU
	EndGlobalSection
	GlobalSection(SolutionProperties) = preSolution
		HideSolutionNode = FALSE
	EndGlobalSection
	GlobalSection(ExtensibilityGlobals) = postSolution
		SolutionGuid = {3B1F0549-7336-432C-AFE5-3813005BE15E}
	EndGlobalSection
EndGlobal
